
Microsoft Visual Studio Solution File, Format Version 12.00
# Visual Studio Version 16
VisualStudioVersion = 16.0.30114.105
MinimumVisualStudioVersion = 10.0.40219.1
Project("{FAE04EC0-301F-11D3-BF4B-00C04F79EFBC}") = "SonarDemo", "src\SonarDemo.csproj", "{27A15DE6-6B94-4D62-9FDF-8486D64F4A42}"
EndProject
Project("{FAE04EC0-301F-11D3-BF4B-00C04F79EFBC}") = "SonarDemo.Test", "test\SonarDemo.Test.csproj", "{53E8EF26-33BB-49AE-8EB3-5B0A481FE666}"
EndProject
Global
	GlobalSection(SolutionConfigurationPlatforms) = preSolution
		Debug|Any CPU = Debug|Any CPU
		Release|Any CPU = Release|Any CPU
	EndGlobalSection
	GlobalSection(SolutionProperties) = preSolution
		HideSolutionNode = FALSE
	EndGlobalSection
	GlobalSection(ProjectConfigurationPlatforms) = postSolution
		{27A15DE6-6B94-4D62-9FDF-8486D64F4A42}.Debug|Any CPU.ActiveCfg = Debug|Any CPU
		{27A15DE6-6B94-4D62-9FDF-8486D64F4A42}.Debug|Any CPU.Build.0 = Debug|Any CPU
		{27A15DE6-6B94-4D62-9FDF-8486D64F4A42}.Release|Any CPU.ActiveCfg = Release|Any CPU
		{27A15DE6-6B94-4D62-9FDF-8486D64F4A42}.Release|Any CPU.Build.0 = Release|Any CPU
		{53E8EF26-33BB-49AE-8EB3-5B0A481FE666}.Debug|Any CPU.ActiveCfg = Debug|Any CPU
		{53E8EF26-33BB-49AE-8EB3-5B0A481FE666}.Debug|Any CPU.Build.0 = Debug|Any CPU
		{53E8EF26-33BB-49AE-8EB3-5B0A481FE666}.Release|Any CPU.ActiveCfg = Release|Any CPU
		{53E8EF26-33BB-49AE-8EB3-5B0A481FE666}.Release|Any CPU.Build.0 = Release|Any CPU
	EndGlobalSection
EndGlobal
